
Microsoft Visual Studio Solution File, Format Version 12.00
# Visual Studio Version 17
VisualStudioVersion = 17.4.33403.182
MinimumVisualStudioVersion = 10.0.40219.1
Project("{888888A0-9F3D-457C-B088-3A5042F75D52}") = "generator", "Generator.pyproj", "{FD3E1D96-7455-45B2-867B-83C0EE507A09}"
EndProject
Global
	GlobalSection(SolutionConfigurationPlatforms) = preSolution
		Debug|Any CPU = Debug|Any CPU
		Release|Any CPU = Release|Any CPU
	EndGlobalSection
	GlobalSection(ProjectConfigurationPlatforms) = postSolution
		{FD3E1D96-7455-45B2-867B-83C0EE507A09}.Debug|Any CPU.ActiveCfg = Debug|Any CPU
		{FD3E1D96-7455-45B2-867B-83C0EE507A09}.Release|Any CPU.ActiveCfg = Release|Any CPU
	EndGlobalSection
	GlobalSection(SolutionProperties) = preSolution
		HideSolutionNode = FALSE
	EndGlobalSection
	GlobalSection(ExtensibilityGlobals) = postSolution
		SolutionGuid = {790B66A6-F353-4A0B-8DBF-87AFCC0AAAC8}
	EndGlobalSection
EndGlobal
